// !$*UTF8*$!
{
	archiveVersion = 1;
	classes = {
	};
	objectVersion = 46;
	objects = {

/* Begin PBXBuildFile section */
		0225BF50159BBAB400924598 /* UIKit.framework in Frameworks */ = {isa = PBXBuildFile; fileRef = 0225BF4F159BBAB400924598 /* UIKit.framework */; };
		0225BF52159BBAB400924598 /* Foundation.framework in Frameworks */ = {isa = PBXBuildFile; fileRef = 0225BF51159BBAB400924598 /* Foundation.framework */; };
		0225BF54159BBAB400924598 /* CoreGraphics.framework in Frameworks */ = {isa = PBXBuildFile; fileRef = 0225BF53159BBAB400924598 /* CoreGraphics.framework */; };
		0225BF5A159BBAB400924598 /* InfoPlist.strings in Resources */ = {isa = PBXBuildFile; fileRef = 0225BF58159BBAB400924598 /* InfoPlist.strings */; };
		0225BF5C159BBAB400924598 /* main.m in Sources */ = {isa = PBXBuildFile; fileRef = 0225BF5B159BBAB400924598 /* main.m */; };
		0225BF60159BBAB400924598 /* ITVAppDelegate.m in Sources */ = {isa = PBXBuildFile; fileRef = 0225BF5F159BBAB400924598 /* ITVAppDelegate.m */; };
		0225BF63159BBAB400924598 /* MainStoryboard_iPhone.storyboard in Resources */ = {isa = PBXBuildFile; fileRef = 0225BF61159BBAB400924598 /* MainStoryboard_iPhone.storyboard */; };
		0225BF66159BBAB400924598 /* MainStoryboard_iPad.storyboard in Resources */ = {isa = PBXBuildFile; fileRef = 0225BF64159BBAB400924598 /* MainStoryboard_iPad.storyboard */; };
		0225BF69159BBAB400924598 /* ITVViewController.m in Sources */ = {isa = PBXBuildFile; fileRef = 0225BF68159BBAB400924598 /* ITVViewController.m */; };
/* End PBXBuildFile section */

/* Begin PBXFileReference section */
		0225BF4B159BBAB400924598 /* AlphabetTable.app */ = {isa = PBXFileReference; explicitFileType = wrapper.application; includeInIndex = 0; path = AlphabetTable.app; sourceTree = BUILT_PRODUCTS_DIR; };
		0225BF4F159BBAB400924598 /* UIKit.framework */ = {isa = PBXFileReference; lastKnownFileType = wrapper.framework; name = UIKit.framework; path = System/Library/Frameworks/UIKit.framework; sourceTree = SDKROOT; };
		0225BF51159BBAB400924598 /* Foundation.framework */ = {isa = PBXFileReference; lastKnownFileType = wrapper.framework; name = Foundation.framework; path = System/Library/Frameworks/Foundation.framework; sourceTree = SDKROOT; };
		0225BF53159BBAB400924598 /* CoreGraphics.framework */ = {isa = PBXFileReference; lastKnownFileType = wrapper.framework; name = CoreGraphics.framework; path = System/Library/Frameworks/CoreGraphics.framework; sourceTree = SDKROOT; };
		0225BF57159BBAB400924598 /* AlphabetTable-Info.plist */ = {isa = PBXFileReference; path = "AlphabetTable-Info.plist"; sourceTree = "<group>"; };
		0225BF59159BBAB400924598 /* en */ = {isa = PBXFileReference; lastKnownFileType = text.plist.strings; name = en; path = en.lproj/InfoPlist.strings; sourceTree = "<group>"; };
		0225BF5B159BBAB400924598 /* main.m */ = {isa = PBXFileReference; lastKnownFileType = sourcecode.c.objc; path = main.m; sourceTree = "<group>"; };
		0225BF5D159BBAB400924598 /* AlphabetTable-Prefix.pch */ = {isa = PBXFileReference; path = "AlphabetTable-Prefix.pch"; sourceTree = "<group>"; };
		0225BF5E159BBAB400924598 /* ITVAppDelegate.h */ = {isa = PBXFileReference; path = ITVAppDelegate.h; sourceTree = "<group>"; };
		0225BF5F159BBAB400924598 /* ITVAppDelegate.m */ = {isa = PBXFileReference; lastKnownFileType = sourcecode.c.objc; path = ITVAppDelegate.m; sourceTree = "<group>"; };
		0225BF62159BBAB400924598 /* en */ = {isa = PBXFileReference; lastKnownFileType = file.storyboard; name = en; path = en.lproj/MainStoryboard_iPhone.storyboard; sourceTree = "<group>"; };
		0225BF65159BBAB400924598 /* en */ = {isa = PBXFileReference; lastKnownFileType = file.storyboard; name = en; path = en.lproj/MainStoryboard_iPad.storyboard; sourceTree = "<group>"; };
		0225BF67159BBAB400924598 /* ITVViewController.h */ = {isa = PBXFileReference; path = ITVViewController.h; sourceTree = "<group>"; };
		0225BF68159BBAB400924598 /* ITVViewController.m */ = {isa = PBXFileReference; lastKnownFileType = sourcecode.c.objc; path = ITVViewController.m; sourceTree = "<group>"; };
/* End PBXFileReference section */

/* Begin PBXFrameworksBuildPhase section */
		0225BF48159BBAB400924598 /* Frameworks */ = {
			isa = PBXFrameworksBuildPhase;
			buildActionMask = 2147483647;
			files = (
				0225BF50159BBAB400924598 /* UIKit.framework in Frameworks */,
				0225BF52159BBAB400924598 /* Foundation.framework in Frameworks */,
				0225BF54159BBAB400924598 /* CoreGraphics.framework in Frameworks */,
			);
			runOnlyForDeploymentPostprocessing = 0;
		};
/* End PBXFrameworksBuildPhase section */

/* Begin PBXGroup section */
		0225BF40159BBAB400924598 = {
			isa = PBXGroup;
			children = (
				0225BF55159BBAB400924598 /* AlphabetTable */,
				0225BF4E159BBAB400924598 /* Frameworks */,
				0225BF4C159BBAB400924598 /* Products */,
			);
			sourceTree = "<group>";
		};
		0225BF4C159BBAB400924598 /* Products */ = {
			isa = PBXGroup;
			children = (
				0225BF4B159BBAB400924598 /* AlphabetTable.app */,
			);
			name = Products;
			sourceTree = "<group>";
		};
		0225BF4E159BBAB400924598 /* Frameworks */ = {
			isa = PBXGroup;
			children = (
				0225BF4F159BBAB400924598 /* UIKit.framework */,
				0225BF51159BBAB400924598 /* Foundation.framework */,
				0225BF53159BBAB400924598 /* CoreGraphics.framework */,
			);
			name = Frameworks;
			sourceTree = "<group>";
		};
		0225BF55159BBAB400924598 /* AlphabetTable */ = {
			isa = PBXGroup;
			children = (
				0225BF5E159BBAB400924598 /* ITVAppDelegate.h */,
				0225BF5F159BBAB400924598 /* ITVAppDelegate.m */,
				0225BF61159BBAB400924598 /* MainStoryboard_iPhone.storyboard */,
				0225BF64159BBAB400924598 /* MainStoryboard_iPad.storyboard */,
				0225BF67159BBAB400924598 /* ITVViewController.h */,
				0225BF68159BBAB400924598 /* ITVViewController.m */,
				0225BF56159BBAB400924598 /* Supporting Files */,
			);
			path = AlphabetTable;
			sourceTree = "<group>";
		};
		0225BF56159BBAB400924598 /* Supporting Files */ = {
			isa = PBXGroup;
			children = (
				0225BF57159BBAB400924598 /* AlphabetTable-Info.plist */,
				0225BF58159BBAB400924598 /* InfoPlist.strings */,
				0225BF5B159BBAB400924598 /* main.m */,
				0225BF5D159BBAB400924598 /* AlphabetTable-Prefix.pch */,
			);
			name = "Supporting Files";
			sourceTree = "<group>";
		};
/* End PBXGroup section */

/* Begin PBXNativeTarget section */
		0225BF4A159BBAB400924598 /* AlphabetTable */ = {
			isa = PBXNativeTarget;
			buildConfigurationList = 0225BF6C159BBAB400924598 /* Build configuration list for PBXNativeTarget "AlphabetTable" */;
			buildPhases = (
				0225BF47159BBAB400924598 /* Sources */,
				0225BF48159BBAB400924598 /* Frameworks */,
				0225BF49159BBAB400924598 /* Resources */,
			);
			buildRules = (
			);
			dependencies = (
			);
			name = AlphabetTable;
			productName = AlphabetTable;
			productReference = 0225BF4B159BBAB400924598 /* AlphabetTable.app */;
			productType = "com.apple.product-type.application";
		};
/* End PBXNativeTarget section */

/* Begin PBXProject section */
		0225BF42159BBAB400924598 /* Project object */ = {
			isa = PBXProject;
			attributes = {
				CLASSPREFIX = ITV;
				LastUpgradeCheck = 0430;
				ORGANIZATIONNAME = Itv;
			};
			buildConfigurationList = 0225BF45159BBAB400924598 /* Build configuration list for PBXProject "AlphabetTable" */;
			compatibilityVersion = "Xcode 3.2";
			developmentRegion = English;
			hasScannedForEncodings = 0;
			knownRegions = (
				en,
			);
			mainGroup = 0225BF40159BBAB400924598;
			productRefGroup = 0225BF4C159BBAB400924598 /* Products */;
			projectDirPath = "";
			projectRoot = "";
			targets = (
				0225BF4A159BBAB400924598 /* AlphabetTable */,
			);
		};
/* End PBXProject section */

/* Begin PBXResourcesBuildPhase section */
		0225BF49159BBAB400924598 /* Resources */ = {
			isa = PBXResourcesBuildPhase;
			buildActionMask = 2147483647;
			files = (
				0225BF5A159BBAB400924598 /* InfoPlist.strings in Resources */,
				0225BF63159BBAB400924598 /* MainStoryboard_iPhone.storyboard in Resources */,
				0225BF66159BBAB400924598 /* MainStoryboard_iPad.storyboard in Resources */,
			);
			runOnlyForDeploymentPostprocessing = 0;
		};
/* End PBXResourcesBuildPhase section */

/* Begin PBXSourcesBuildPhase section */
		0225BF47159BBAB400924598 /* Sources */ = {
			isa = PBXSourcesBuildPhase;
			buildActionMask = 2147483647;
			files = (
				0225BF5C159BBAB400924598 /* main.m in Sources */,
				0225BF60159BBAB400924598 /* ITVAppDelegate.m in Sources */,
				0225BF69159BBAB400924598 /* ITVViewController.m in Sources */,
			);
			runOnlyForDeploymentPostprocessing = 0;
		};
/* End PBXSourcesBuildPhase section */

/* Begin PBXVariantGroup section */
		0225BF58159BBAB400924598 /* InfoPlist.strings */ = {
			isa = PBXVariantGroup;
			children = (
				0225BF59159BBAB400924598 /* en */,
			);
			name = InfoPlist.strings;
			sourceTree = "<group>";
		};
		0225BF61159BBAB400924598 /* MainStoryboard_iPhone.storyboard */ = {
			isa = PBXVariantGroup;
			children = (
				0225BF62159BBAB400924598 /* en */,
			);
			name = MainStoryboard_iPhone.storyboard;
			sourceTree = "<group>";
		};
		0225BF64159BBAB400924598 /* MainStoryboard_iPad.storyboard */ = {
			isa = PBXVariantGroup;
			children = (
				0225BF65159BBAB400924598 /* en */,
			);
			name = MainStoryboard_iPad.storyboard;
			sourceTree = "<group>";
		};
/* End PBXVariantGroup section */

/* Begin XCBuildConfiguration section */
		0225BF6A159BBAB400924598 /* Debug */ = {
			isa = XCBuildConfiguration;
			buildSettings = {
				ALWAYS_SEARCH_USER_PATHS = NO;
				ARCHS = "$(ARCHS_STANDARD_32_BIT)";
				CLANG_ENABLE_OBJC_ARC = YES;
				"CODE_SIGN_IDENTITY[sdk=iphoneos*]" = "iPhone Developer";
				COPY_PHASE_STRIP = NO;
				GCC_C_LANGUAGE_STANDARD = gnu99;
				GCC_DYNAMIC_NO_PIC = NO;
				GCC_OPTIMIZATION_LEVEL = 0;
				GCC_PREPROCESSOR_DEFINITIONS = (
					"DEBUG=1",
					"$(inherited)",
				);
				GCC_SYMBOLS_PRIVATE_EXTERN = NO;
				GCC_VERSION = com.apple.compilers.llvm.clang.1_0;
				GCC_WARN_ABOUT_RETURN_TYPE = YES;
				GCC_WARN_UNINITIALIZED_AUTOS = YES;
				GCC_WARN_UNUSED_VARIABLE = YES;
				IPHONEOS_DEPLOYMENT_TARGET = 5.1;
				SDKROOT = iphoneos;
				TARGETED_DEVICE_FAMILY = "1,2";
			};
			name = Debug;
		};
		0225BF6B159BBAB400924598 /* Release */ = {
			isa = XCBuildConfiguration;
			buildSettings = {
				ALWAYS_SEARCH_USER_PATHS = NO;
				ARCHS = "$(ARCHS_STANDARD_32_BIT)";
				CLANG_ENABLE_OBJC_ARC = YES;
				"CODE_SIGN_IDENTITY[sdk=iphoneos*]" = "iPhone Developer";
				COPY_PHASE_STRIP = YES;
				GCC_C_LANGUAGE_STANDARD = gnu99;
				GCC_VERSION = com.apple.compilers.llvm.clang.1_0;
				GCC_WARN_ABOUT_RETURN_TYPE = YES;
				GCC_WARN_UNINITIALIZED_AUTOS = YES;
				GCC_WARN_UNUSED_VARIABLE = YES;
				IPHONEOS_DEPLOYMENT_TARGET = 5.1;
				OTHER_CFLAGS = "-DNS_BLOCK_ASSERTIONS=1";
				SDKROOT = iphoneos;
				TARGETED_DEVICE_FAMILY = "1,2";
				VALIDATE_PRODUCT = YES;
			};
			name = Release;
		};
		0225BF6D159BBAB400924598 /* Debug */ = {
			isa = XCBuildConfiguration;
			buildSettings = {
				GCC_PRECOMPILE_PREFIX_HEADER = YES;
				GCC_PREFIX_HEADER = "AlphabetTable/AlphabetTable-Prefix.pch";
				INFOPLIST_FILE = "AlphabetTable/AlphabetTable-Info.plist";
				PRODUCT_NAME = "$(TARGET_NAME)";
				WRAPPER_EXTENSION = app;
			};
			name = Debug;
		};
		0225BF6E159BBAB400924598 /* Release */ = {
			isa = XCBuildConfiguration;
			buildSettings = {
				GCC_PRECOMPILE_PREFIX_HEADER = YES;
				GCC_PREFIX_HEADER = "AlphabetTable/AlphabetTable-Prefix.pch";
				INFOPLIST_FILE = "AlphabetTable/AlphabetTable-Info.plist";
				PRODUCT_NAME = "$(TARGET_NAME)";
				WRAPPER_EXTENSION = app;
			};
			name = Release;
		};
/* End XCBuildConfiguration section */

/* Begin XCConfigurationList section */
		0225BF45159BBAB400924598 /* Build configuration list for PBXProject "AlphabetTable" */ = {
			isa = XCConfigurationList;
			buildConfigurations = (
				0225BF6A159BBAB400924598 /* Debug */,
				0225BF6B159BBAB400924598 /* Release */,
			);
			defaultConfigurationIsVisible = 0;
			defaultConfigurationName = Release;
		};
		0225BF6C159BBAB400924598 /* Build configuration list for PBXNativeTarget "AlphabetTable" */ = {
			isa = XCConfigurationList;
			buildConfigurations = (
				0225BF6D159BBAB400924598 /* Debug */,
				0225BF6E159BBAB400924598 /* Release */,
			);
			defaultConfigurationIsVisible = 0;
		};
/* End XCConfigurationList section */
	};
	rootObject = 0225BF42159BBAB400924598 /* Project object */;
}
